
Microsoft Visual Studio Solution File, Format Version 12.00
Project("{2150E333-8FDC-42A3-9474-1A3956D46DE8}") = "Presentation", "Presentation", "{2897A3F4-577A-4870-9B5B-937D56463EA5}"
EndProject
Project("{FAE04EC0-301F-11D3-BF4B-00C04F79EFBC}") = "CalledApi", "Presentation\CalledApi\CalledApi.csproj", "{2F4E11E9-2B84-4B1D-A85E-D51A7E2EC2D4}"
EndProject
Global
	GlobalSection(SolutionConfigurationPlatforms) = preSolution
		Debug|Any CPU = Debug|Any CPU
		Release|Any CPU = Release|Any CPU
	EndGlobalSection
	GlobalSection(ProjectConfigurationPlatforms) = postSolution
		{2F4E11E9-2B84-4B1D-A85E-D51A7E2EC2D4}.Debug|Any CPU.ActiveCfg = Debug|Any CPU
		{2F4E11E9-2B84-4B1D-A85E-D51A7E2EC2D4}.Debug|Any CPU.Build.0 = Debug|Any CPU
		{2F4E11E9-2B84-4B1D-A85E-D51A7E2EC2D4}.Release|Any CPU.ActiveCfg = Release|Any CPU
		{2F4E11E9-2B84-4B1D-A85E-D51A7E2EC2D4}.Release|Any CPU.Build.0 = Release|Any CPU
	EndGlobalSection
	GlobalSection(SolutionProperties) = preSolution
		HideSolutionNode = FALSE
	EndGlobalSection
	GlobalSection(NestedProjects) = preSolution
		{2F4E11E9-2B84-4B1D-A85E-D51A7E2EC2D4} = {2897A3F4-577A-4870-9B5B-937D56463EA5}
	EndGlobalSection
EndGlobal
